
Microsoft Visual Studio Solution File, Format Version 12.00
# Visual Studio 15
VisualStudioVersion = 15.0.28307.136
MinimumVisualStudioVersion = 10.0.40219.1
Project("{FAE04EC0-301F-11D3-BF4B-00C04F79EFBC}") = "WpfApp2", "WpfApp2\WpfApp2.csproj", "{A089EFB9-6F3C-4A6C-A23D-06F229F19630}"
EndProject
Project("{54435603-DBB4-11D2-8724-00A0C9A8B90C}") = "Setup1", "Setup1\Setup1.vdproj", "{47B31577-12F7-45F8-9A2D-85AC921E28C8}"
EndProject
Global
	GlobalSection(SolutionConfigurationPlatforms) = preSolution
		Debug|Any CPU = Debug|Any CPU
		Release|Any CPU = Release|Any CPU
	EndGlobalSection
	GlobalSection(ProjectConfigurationPlatforms) = postSolution
		{A089EFB9-6F3C-4A6C-A23D-06F229F19630}.Debug|Any CPU.ActiveCfg = Debug|Any CPU
		{A089EFB9-6F3C-4A6C-A23D-06F229F19630}.Debug|Any CPU.Build.0 = Debug|Any CPU
		{A089EFB9-6F3C-4A6C-A23D-06F229F19630}.Release|Any CPU.ActiveCfg = Release|Any CPU
		{A089EFB9-6F3C-4A6C-A23D-06F229F19630}.Release|Any CPU.Build.0 = Release|Any CPU
		{47B31577-12F7-45F8-9A2D-85AC921E28C8}.Debug|Any CPU.ActiveCfg = Debug
		{47B31577-12F7-45F8-9A2D-85AC921E28C8}.Release|Any CPU.ActiveCfg = Release
	EndGlobalSection
	GlobalSection(SolutionProperties) = preSolution
		HideSolutionNode = FALSE
	EndGlobalSection
	GlobalSection(ExtensibilityGlobals) = postSolution
		SolutionGuid = {5F609982-33D7-486F-82B2-ED893A41CC80}
	EndGlobalSection
EndGlobal
